lockfileVersion: '6.0'

settings:
  autoInstallPeers: true
  excludeLinksFromLockfile: false

dependencies:
  zenn-cli:
    specifier: ^0.1.150
    version: 0.1.150

packages:

  /zenn-cli@0.1.150:
    resolution: {integrity: sha512-sf/oKEx8e74CyFQ4jwFMRKDyF9cVkDH3XrU1IhGddBvwpYYrFySZ5kKL3Wn0BVC7EiqVFMvoxjQ+nEGOoBCW9w==}
    engines: {node: '>=14.0.0'}
    hasBin: true
    dev: false
